
Microsoft Visual Studio Solution File, Format Version 12.00
# Visual Studio Version 17
VisualStudioVersion = 17.4.33213.308
MinimumVisualStudioVersion = 10.0.40219.1
Project("{FAE04EC0-301F-11D3-BF4B-00C04F79EFBC}") = "SQL Utilities", "SQL Utilities\SQL Utilities.csproj", "{50A94E1C-D089-4FB1-9F65-6BCB72AB3D01}"
EndProject
Project("{FAE04EC0-301F-11D3-BF4B-00C04F79EFBC}") = "Android 11 Write File To Device Storage", "Android 11 Write File To Device Storage\Android 11 Write File To Device Storage.csproj", "{FDA72773-283F-4DA7-9CE5-E6E95BA7456B}"
EndProject
Global
	GlobalSection(SolutionConfigurationPlatforms) = preSolution
		Debug|Any CPU = Debug|Any CPU
		Release|Any CPU = Release|Any CPU
	EndGlobalSection
	GlobalSection(ProjectConfigurationPlatforms) = postSolution
		{50A94E1C-D089-4FB1-9F65-6BCB72AB3D01}.Debug|Any CPU.ActiveCfg = Debug|Any CPU
		{50A94E1C-D089-4FB1-9F65-6BCB72AB3D01}.Debug|Any CPU.Build.0 = Debug|Any CPU
		{50A94E1C-D089-4FB1-9F65-6BCB72AB3D01}.Release|Any CPU.ActiveCfg = Release|Any CPU
		{50A94E1C-D089-4FB1-9F65-6BCB72AB3D01}.Release|Any CPU.Build.0 = Release|Any CPU
		{FDA72773-283F-4DA7-9CE5-E6E95BA7456B}.Debug|Any CPU.ActiveCfg = Debug|Any CPU
		{FDA72773-283F-4DA7-9CE5-E6E95BA7456B}.Debug|Any CPU.Build.0 = Debug|Any CPU
		{FDA72773-283F-4DA7-9CE5-E6E95BA7456B}.Debug|Any CPU.Deploy.0 = Debug|Any CPU
		{FDA72773-283F-4DA7-9CE5-E6E95BA7456B}.Release|Any CPU.ActiveCfg = Release|Any CPU
		{FDA72773-283F-4DA7-9CE5-E6E95BA7456B}.Release|Any CPU.Build.0 = Release|Any CPU
		{FDA72773-283F-4DA7-9CE5-E6E95BA7456B}.Release|Any CPU.Deploy.0 = Release|Any CPU
	EndGlobalSection
	GlobalSection(SolutionProperties) = preSolution
		HideSolutionNode = FALSE
	EndGlobalSection
	GlobalSection(ExtensibilityGlobals) = postSolution
		SolutionGuid = {09797C5B-CDC2-4F64-A8E0-63F3AAE390A4}
	EndGlobalSection
EndGlobal
